
Microsoft Visual Studio Solution File, Format Version 12.00
# Visual Studio 14
VisualStudioVersion = 14.0.24720.0
MinimumVisualStudioVersion = 10.0.40219.1
Project("{FAE04EC0-301F-11D3-BF4B-00C04F79EFBC}") = "NetworkIO", "NetworkIO\NetworkIO.csproj", "{0A67163D-6C9F-431F-B9EA-8D498E7087DC}"
EndProject
Project("{2150E333-8FDC-42A3-9474-1A3956D46DE8}") = "Test", "Test", "{712DE9DE-FED7-475B-86D2-344456FBFE81}"
EndProject
Project("{FAE04EC0-301F-11D3-BF4B-00C04F79EFBC}") = "UvTest", "test\UvTest\UvTest.csproj", "{2510A46D-BD19-42C7-BAC3-10637E81D79A}"
EndProject
Global
	GlobalSection(SolutionConfigurationPlatforms) = preSolution
		Debug|Any CPU = Debug|Any CPU
		Release|Any CPU = Release|Any CPU
	EndGlobalSection
	GlobalSection(ProjectConfigurationPlatforms) = postSolution
		{0A67163D-6C9F-431F-B9EA-8D498E7087DC}.Debug|Any CPU.ActiveCfg = Debug|Any CPU
		{0A67163D-6C9F-431F-B9EA-8D498E7087DC}.Debug|Any CPU.Build.0 = Debug|Any CPU
		{0A67163D-6C9F-431F-B9EA-8D498E7087DC}.Release|Any CPU.ActiveCfg = Release|Any CPU
		{0A67163D-6C9F-431F-B9EA-8D498E7087DC}.Release|Any CPU.Build.0 = Release|Any CPU
		{2510A46D-BD19-42C7-BAC3-10637E81D79A}.Debug|Any CPU.ActiveCfg = Debug|Any CPU
		{2510A46D-BD19-42C7-BAC3-10637E81D79A}.Debug|Any CPU.Build.0 = Debug|Any CPU
		{2510A46D-BD19-42C7-BAC3-10637E81D79A}.Release|Any CPU.ActiveCfg = Release|Any CPU
		{2510A46D-BD19-42C7-BAC3-10637E81D79A}.Release|Any CPU.Build.0 = Release|Any CPU
	EndGlobalSection
	GlobalSection(SolutionProperties) = preSolution
		HideSolutionNode = FALSE
	EndGlobalSection
	GlobalSection(NestedProjects) = preSolution
		{2510A46D-BD19-42C7-BAC3-10637E81D79A} = {712DE9DE-FED7-475B-86D2-344456FBFE81}
	EndGlobalSection
EndGlobal
